// !$*UTF8*$!
{
	archiveVersion = 1;
	classes = {
	};
	objectVersion = 50;
	objects = {

/* Begin PBXBuildFile section */
		534E0887221F0AE000992B0C /* AppDelegate.swift in Sources */ = {isa = PBXBuildFile; fileRef = 534E0886221F0AE000992B0C /* AppDelegate.swift */; };
		534E0889221F0AE000992B0C /* ViewController.swift in Sources */ = {isa = PBXBuildFile; fileRef = 534E0888221F0AE000992B0C /* ViewController.swift */; };
		534E088C221F0AE000992B0C /* Main.storyboard in Resources */ = {isa = PBXBuildFile; fileRef = 534E088A221F0AE000992B0C /* Main.storyboard */; };
		534E088E221F0AE200992B0C /* Assets.xcassets in Resources */ = {isa = PBXBuildFile; fileRef = 534E088D221F0AE200992B0C /* Assets.xcassets */; };
		534E0891221F0AE200992B0C /* LaunchScreen.storyboard in Resources */ = {isa = PBXBuildFile; fileRef = 534E088F221F0AE200992B0C /* LaunchScreen.storyboard */; };
		534E089C221F0AE200992B0C /* DemoTests.swift in Sources */ = {isa = PBXBuildFile; fileRef = 534E089B221F0AE200992B0C /* DemoTests.swift */; };
		534E08A7221F0AE200992B0C /* DemoUITests.swift in Sources */ = {isa = PBXBuildFile; fileRef = 534E08A6221F0AE200992B0C /* DemoUITests.swift */; };
/* End PBXBuildFile section */

/* Begin PBXContainerItemProxy section */
		534E0898221F0AE200992B0C /* PBXContainerItemProxy */ = {
			isa = PBXContainerItemProxy;
			containerPortal = 534E087B221F0AE000992B0C /* Project object */;
			proxyType = 1;
			remoteGlobalIDString = 534E0882221F0AE000992B0C;
			remoteInfo = Demo;
		};
		534E08A3221F0AE200992B0C /* PBXContainerItemProxy */ = {
			isa = PBXContainerItemProxy;
			containerPortal = 534E087B221F0AE000992B0C /* Project object */;
			proxyType = 1;
			remoteGlobalIDString = 534E0882221F0AE000992B0C;
			remoteInfo = Demo;
		};
/* End PBXContainerItemProxy section */

/* Begin PBXFileReference section */
		534E0883221F0AE000992B0C /* Demo.app */ = {isa = PBXFileReference; explicitFileType = wrapper.application; includeInIndex = 0; path = Demo.app; sourceTree = BUILT_PRODUCTS_DIR; };
		534E0886221F0AE000992B0C /* AppDelegate.swift */ = {isa = PBXFileReference; lastKnownFileType = sourcecode.swift; path = AppDelegate.swift; sourceTree = "<group>"; };
		534E0888221F0AE000992B0C /* ViewController.swift */ = {isa = PBXFileReference; lastKnownFileType = sourcecode.swift; path = ViewController.swift; sourceTree = "<group>"; };
		534E088B221F0AE000992B0C /* Base */ = {isa = PBXFileReference; lastKnownFileType = file.storyboard; name = Base; path = Base.lproj/Main.storyboard; sourceTree = "<group>"; };
		534E088D221F0AE200992B0C /* Assets.xcassets */ = {isa = PBXFileReference; lastKnownFileType = folder.assetcatalog; path = Assets.xcassets; sourceTree = "<group>"; };
		534E0890221F0AE200992B0C /* Base */ = {isa = PBXFileReference; lastKnownFileType = file.storyboard; name = Base; path = Base.lproj/LaunchScreen.storyboard; sourceTree = "<group>"; };
		534E0892221F0AE200992B0C /* Info.plist */ = {isa = PBXFileReference; lastKnownFileType = text.plist.xml; path = Info.plist; sourceTree = "<group>"; };
		534E0897221F0AE200992B0C /* DemoTests.xctest */ = {isa = PBXFileReference; explicitFileType = wrapper.cfbundle; includeInIndex = 0; path = DemoTests.xctest; sourceTree = BUILT_PRODUCTS_DIR; };
		534E089B221F0AE200992B0C /* DemoTests.swift */ = {isa = PBXFileReference; lastKnownFileType = sourcecode.swift; path = DemoTests.swift; sourceTree = "<group>"; };
		534E089D221F0AE200992B0C /* Info.plist */ = {isa = PBXFileReference; lastKnownFileType = text.plist.xml; path = Info.plist; sourceTree = "<group>"; };
		534E08A2221F0AE200992B0C /* DemoUITests.xctest */ = {isa = PBXFileReference; explicitFileType = wrapper.cfbundle; includeInIndex = 0; path = DemoUITests.xctest; sourceTree = BUILT_PRODUCTS_DIR; };
		534E08A6221F0AE200992B0C /* DemoUITests.swift */ = {isa = PBXFileReference; lastKnownFileType = sourcecode.swift; path = DemoUITests.swift; sourceTree = "<group>"; };
		534E08A8221F0AE200992B0C /* Info.plist */ = {isa = PBXFileReference; lastKnownFileType = text.plist.xml; path = Info.plist; sourceTree = "<group>"; };
/* End PBXFileReference section */

/* Begin PBXFrameworksBuildPhase section */
		534E0880221F0AE000992B0C /* Frameworks */ = {
			isa = PBXFrameworksBuildPhase;
			buildActionMask = 2147483647;
			files = (
			);
			runOnlyForDeploymentPostprocessing = 0;
		};
		534E0894221F0AE200992B0C /* Frameworks */ = {
			isa = PBXFrameworksBuildPhase;
			buildActionMask = 2147483647;
			files = (
			);
			runOnlyForDeploymentPostprocessing = 0;
		};
		534E089F221F0AE200992B0C /* Frameworks */ = {
			isa = PBXFrameworksBuildPhase;
			buildActionMask = 2147483647;
			files = (
			);
			runOnlyForDeploymentPostprocessing = 0;
		};
/* End PBXFrameworksBuildPhase section */

/* Begin PBXGroup section */
		534E087A221F0AE000992B0C = {
			isa = PBXGroup;
			children = (
				534E0885221F0AE000992B0C /* Demo */,
				534E089A221F0AE200992B0C /* DemoTests */,
				534E08A5221F0AE200992B0C /* DemoUITests */,
				534E0884221F0AE000992B0C /* Products */,
			);
			sourceTree = "<group>";
		};
		534E0884221F0AE000992B0C /* Products */ = {
			isa = PBXGroup;
			children = (
				534E0883221F0AE000992B0C /* Demo.app */,
				534E0897221F0AE200992B0C /* DemoTests.xctest */,
				534E08A2221F0AE200992B0C /* DemoUITests.xctest */,
			);
			name = Products;
			sourceTree = "<group>";
		};
		534E0885221F0AE000992B0C /* Demo */ = {
			isa = PBXGroup;
			children = (
				534E0886221F0AE000992B0C /* AppDelegate.swift */,
				534E0888221F0AE000992B0C /* ViewController.swift */,
				534E088A221F0AE000992B0C /* Main.storyboard */,
				534E088D221F0AE200992B0C /* Assets.xcassets */,
				534E088F221F0AE200992B0C /* LaunchScreen.storyboard */,
				534E0892221F0AE200992B0C /* Info.plist */,
			);
			path = Demo;
			sourceTree = "<group>";
		};
		534E089A221F0AE200992B0C /* DemoTests */ = {
			isa = PBXGroup;
			children = (
				534E089B221F0AE200992B0C /* DemoTests.swift */,
				534E089D221F0AE200992B0C /* Info.plist */,
			);
			path = DemoTests;
			sourceTree = "<group>";
		};
		534E08A5221F0AE200992B0C /* DemoUITests */ = {
			isa = PBXGroup;
			children = (
				534E08A6221F0AE200992B0C /* DemoUITests.swift */,
				534E08A8221F0AE200992B0C /* Info.plist */,
			);
			path = DemoUITests;
			sourceTree = "<group>";
		};
/* End PBXGroup section */

/* Begin PBXNativeTarget section */
		534E0882221F0AE000992B0C /* Demo */ = {
			isa = PBXNativeTarget;
			buildConfigurationList = 534E08AB221F0AE200992B0C /* Build configuration list for PBXNativeTarget "Demo" */;
			buildPhases = (
				534E087F221F0AE000992B0C /* Sources */,
				534E0880221F0AE000992B0C /* Frameworks */,
				534E0881221F0AE000992B0C /* Resources */,
			);
			buildRules = (
			);
			dependencies = (
			);
			name = Demo;
			productName = Demo;
			productReference = 534E0883221F0AE000992B0C /* Demo.app */;
			productType = "com.apple.product-type.application";
		};
		534E0896221F0AE200992B0C /* DemoTests */ = {
			isa = PBXNativeTarget;
			buildConfigurationList = 534E08AE221F0AE200992B0C /* Build configuration list for PBXNativeTarget "DemoTests" */;
			buildPhases = (
				534E0893221F0AE200992B0C /* Sources */,
				534E0894221F0AE200992B0C /* Frameworks */,
				534E0895221F0AE200992B0C /* Resources */,
			);
			buildRules = (
			);
			dependencies = (
				534E0899221F0AE200992B0C /* PBXTargetDependency */,
			);
			name = DemoTests;
			productName = DemoTests;
			productReference = 534E0897221F0AE200992B0C /* DemoTests.xctest */;
			productType = "com.apple.product-type.bundle.unit-test";
		};
		534E08A1221F0AE200992B0C /* DemoUITests */ = {
			isa = PBXNativeTarget;
			buildConfigurationList = 534E08B1221F0AE200992B0C /* Build configuration list for PBXNativeTarget "DemoUITests" */;
			buildPhases = (
				534E089E221F0AE200992B0C /* Sources */,
				534E089F221F0AE200992B0C /* Frameworks */,
				534E08A0221F0AE200992B0C /* Resources */,
			);
			buildRules = (
			);
			dependencies = (
				534E08A4221F0AE200992B0C /* PBXTargetDependency */,
			);
			name = DemoUITests;
			productName = DemoUITests;
			productReference = 534E08A2221F0AE200992B0C /* DemoUITests.xctest */;
			productType = "com.apple.product-type.bundle.ui-testing";
		};
/* End PBXNativeTarget section */

/* Begin PBXProject section */
		534E087B221F0AE000992B0C /* Project object */ = {
			isa = PBXProject;
			attributes = {
				LastSwiftUpdateCheck = 1010;
				LastUpgradeCheck = 1010;
				ORGANIZATIONNAME = "Ravindra Sonkar";
				TargetAttributes = {
					534E0882221F0AE000992B0C = {
						CreatedOnToolsVersion = 10.1;
					};
					534E0896221F0AE200992B0C = {
						CreatedOnToolsVersion = 10.1;
						TestTargetID = 534E0882221F0AE000992B0C;
					};
					534E08A1221F0AE200992B0C = {
						CreatedOnToolsVersion = 10.1;
						TestTargetID = 534E0882221F0AE000992B0C;
					};
				};
			};
			buildConfigurationList = 534E087E221F0AE000992B0C /* Build configuration list for PBXProject "Demo" */;
			compatibilityVersion = "Xcode 9.3";
			developmentRegion = en;
			hasScannedForEncodings = 0;
			knownRegions = (
				en,
				Base,
			);
			mainGroup = 534E087A221F0AE000992B0C;
			productRefGroup = 534E0884221F0AE000992B0C /* Products */;
			projectDirPath = "";
			projectRoot = "";
			targets = (
				534E0882221F0AE000992B0C /* Demo */,
				534E0896221F0AE200992B0C /* DemoTests */,
				534E08A1221F0AE200992B0C /* DemoUITests */,
			);
		};
/* End PBXProject section */

/* Begin PBXResourcesBuildPhase section */
		534E0881221F0AE000992B0C /* Resources */ = {
			isa = PBXResourcesBuildPhase;
			buildActionMask = 2147483647;
			files = (
				534E0891221F0AE200992B0C /* LaunchScreen.storyboard in Resources */,
				534E088E221F0AE200992B0C /* Assets.xcassets in Resources */,
				534E088C221F0AE000992B0C /* Main.storyboard in Resources */,
			);
			runOnlyForDeploymentPostprocessing = 0;
		};
		534E0895221F0AE200992B0C /* Resources */ = {
			isa = PBXResourcesBuildPhase;
			buildActionMask = 2147483647;
			files = (
			);
			runOnlyForDeploymentPostprocessing = 0;
		};
		534E08A0221F0AE200992B0C /* Resources */ = {
			isa = PBXResourcesBuildPhase;
			buildActionMask = 2147483647;
			files = (
			);
			runOnlyForDeploymentPostprocessing = 0;
		};
/* End PBXResourcesBuildPhase section */

/* Begin PBXSourcesBuildPhase section */
		534E087F221F0AE000992B0C /* Sources */ = {
			isa = PBXSourcesBuildPhase;
			buildActionMask = 2147483647;
			files = (
				534E0889221F0AE000992B0C /* ViewController.swift in Sources */,
				534E0887221F0AE000992B0C /* AppDelegate.swift in Sources */,
			);
			runOnlyForDeploymentPostprocessing = 0;
		};
		534E0893221F0AE200992B0C /* Sources */ = {
			isa = PBXSourcesBuildPhase;
			buildActionMask = 2147483647;
			files = (
				534E089C221F0AE200992B0C /* DemoTests.swift in Sources */,
			);
			runOnlyForDeploymentPostprocessing = 0;
		};
		534E089E221F0AE200992B0C /* Sources */ = {
			isa = PBXSourcesBuildPhase;
			buildActionMask = 2147483647;
			files = (
				534E08A7221F0AE200992B0C /* DemoUITests.swift in Sources */,
			);
			runOnlyForDeploymentPostprocessing = 0;
		};
/* End PBXSourcesBuildPhase section */

/* Begin PBXTargetDependency section */
		534E0899221F0AE200992B0C /* PBXTargetDependency */ = {
			isa = PBXTargetDependency;
			target = 534E0882221F0AE000992B0C /* Demo */;
			targetProxy = 534E0898221F0AE200992B0C /* PBXContainerItemProxy */;
		};
		534E08A4221F0AE200992B0C /* PBXTargetDependency */ = {
			isa = PBXTargetDependency;
			target = 534E0882221F0AE000992B0C /* Demo */;
			targetProxy = 534E08A3221F0AE200992B0C /* PBXContainerItemProxy */;
		};
/* End PBXTargetDependency section */

/* Begin PBXVariantGroup section */
		534E088A221F0AE000992B0C /* Main.storyboard */ = {
			isa = PBXVariantGroup;
			children = (
				534E088B221F0AE000992B0C /* Base */,
			);
			name = Main.storyboard;
			sourceTree = "<group>";
		};
		534E088F221F0AE200992B0C /* LaunchScreen.storyboard */ = {
			isa = PBXVariantGroup;
			children = (
				534E0890221F0AE200992B0C /* Base */,
			);
			name = LaunchScreen.storyboard;
			sourceTree = "<group>";
		};
/* End PBXVariantGroup section */

/* Begin XCBuildConfiguration section */
		534E08A9221F0AE200992B0C /* Debug */ = {
			isa = XCBuildConfiguration;
			buildSettings = {
				ALWAYS_SEARCH_USER_PATHS = NO;
				CLANG_ANALYZER_NONNULL = YES;
				CLANG_ANALYZER_NUMBER_OBJECT_CONVERSION = YES_AGGRESSIVE;
				CLANG_CXX_LANGUAGE_STANDARD = "gnu++14";
				CLANG_CXX_LIBRARY = "libc++";
				CLANG_ENABLE_MODULES = YES;
				CLANG_ENABLE_OBJC_ARC = YES;
				CLANG_ENABLE_OBJC_WEAK = YES;
				CLANG_WARN_BLOCK_CAPTURE_AUTORELEASING = YES;
				CLANG_WARN_BOOL_CONVERSION = YES;
				CLANG_WARN_COMMA = YES;
				CLANG_WARN_CONSTANT_CONVERSION = YES;
				CLANG_WARN_DEPRECATED_OBJC_IMPLEMENTATIONS = YES;
				CLANG_WARN_DIRECT_OBJC_ISA_USAGE = YES_ERROR;
				CLANG_WARN_DOCUMENTATION_COMMENTS = YES;
				CLANG_WARN_EMPTY_BODY = YES;
				CLANG_WARN_ENUM_CONVERSION = YES;
				CLANG_WARN_INFINITE_RECURSION = YES;
				CLANG_WARN_INT_CONVERSION = YES;
				CLANG_WARN_NON_LITERAL_NULL_CONVERSION = YES;
				CLANG_WARN_OBJC_IMPLICIT_RETAIN_SELF = YES;
				CLANG_WARN_OBJC_LITERAL_CONVERSION = YES;
				CLANG_WARN_OBJC_ROOT_CLASS = YES_ERROR;
				CLANG_WARN_RANGE_LOOP_ANALYSIS = YES;
				CLANG_WARN_STRICT_PROTOTYPES = YES;
				CLANG_WARN_SUSPICIOUS_MOVE = YES;
				CLANG_WARN_UNGUARDED_AVAILABILITY = YES_AGGRESSIVE;
				CLANG_WARN_UNREACHABLE_CODE = YES;
				CLANG_WARN__DUPLICATE_METHOD_MATCH = YES;
				CODE_SIGN_IDENTITY = "iPhone Developer";
				COPY_PHASE_STRIP = NO;
				DEBUG_INFORMATION_FORMAT = dwarf;
				ENABLE_STRICT_OBJC_MSGSEND = YES;
				ENABLE_TESTABILITY = YES;
				GCC_C_LANGUAGE_STANDARD = gnu11;
				GCC_DYNAMIC_NO_PIC = NO;
				GCC_NO_COMMON_BLOCKS = YES;
				GCC_OPTIMIZATION_LEVEL = 0;
				GCC_PREPROCESSOR_DEFINITIONS = (
					"DEBUG=1",
					"$(inherited)",
				);
				GCC_WARN_64_TO_32_BIT_CONVERSION = YES;
				GCC_WARN_ABOUT_RETURN_TYPE = YES_ERROR;
				GCC_WARN_UNDECLARED_SELECTOR = YES;
				GCC_WARN_UNINITIALIZED_AUTOS = YES_AGGRESSIVE;
				GCC_WARN_UNUSED_FUNCTION = YES;
				GCC_WARN_UNUSED_VARIABLE = YES;
				IPHONEOS_DEPLOYMENT_TARGET = 12.1;
				MTL_ENABLE_DEBUG_INFO = INCLUDE_SOURCE;
				MTL_FAST_MATH = YES;
				ONLY_ACTIVE_ARCH = YES;
				SDKROOT = iphoneos;
				SWIFT_ACTIVE_COMPILATION_CONDITIONS = DEBUG;
				SWIFT_OPTIMIZATION_LEVEL = "-Onone";
			};
			name = Debug;
		};
		534E08AA221F0AE200992B0C /* Release */ = {
			isa = XCBuildConfiguration;
			buildSettings = {
				ALWAYS_SEARCH_USER_PATHS = NO;
				CLANG_ANALYZER_NONNULL = YES;
				CLANG_ANALYZER_NUMBER_OBJECT_CONVERSION = YES_AGGRESSIVE;
				CLANG_CXX_LANGUAGE_STANDARD = "gnu++14";
				CLANG_CXX_LIBRARY = "libc++";
				CLANG_ENABLE_MODULES = YES;
				CLANG_ENABLE_OBJC_ARC = YES;
				CLANG_ENABLE_OBJC_WEAK = YES;
				CLANG_WARN_BLOCK_CAPTURE_AUTORELEASING = YES;
				CLANG_WARN_BOOL_CONVERSION = YES;
				CLANG_WARN_COMMA = YES;
				CLANG_WARN_CONSTANT_CONVERSION = YES;
				CLANG_WARN_DEPRECATED_OBJC_IMPLEMENTATIONS = YES;
				CLANG_WARN_DIRECT_OBJC_ISA_USAGE = YES_ERROR;
				CLANG_WARN_DOCUMENTATION_COMMENTS = YES;
				CLANG_WARN_EMPTY_BODY = YES;
				CLANG_WARN_ENUM_CONVERSION = YES;
				CLANG_WARN_INFINITE_RECURSION = YES;
				CLANG_WARN_INT_CONVERSION = YES;
				CLANG_WARN_NON_LITERAL_NULL_CONVERSION = YES;
				CLANG_WARN_OBJC_IMPLICIT_RETAIN_SELF = YES;
				CLANG_WARN_OBJC_LITERAL_CONVERSION = YES;
				CLANG_WARN_OBJC_ROOT_CLASS = YES_ERROR;
				CLANG_WARN_RANGE_LOOP_ANALYSIS = YES;
				CLANG_WARN_STRICT_PROTOTYPES = YES;
				CLANG_WARN_SUSPICIOUS_MOVE = YES;
				CLANG_WARN_UNGUARDED_AVAILABILITY = YES_AGGRESSIVE;
				CLANG_WARN_UNREACHABLE_CODE = YES;
				CLANG_WARN__DUPLICATE_METHOD_MATCH = YES;
				CODE_SIGN_IDENTITY = "iPhone Developer";
				COPY_PHASE_STRIP = NO;
				DEBUG_INFORMATION_FORMAT = "dwarf-with-dsym";
				ENABLE_NS_ASSERTIONS = NO;
				ENABLE_STRICT_OBJC_MSGSEND = YES;
				GCC_C_LANGUAGE_STANDARD = gnu11;
				GCC_NO_COMMON_BLOCKS = YES;
				GCC_WARN_64_TO_32_BIT_CONVERSION = YES;
				GCC_WARN_ABOUT_RETURN_TYPE = YES_ERROR;
				GCC_WARN_UNDECLARED_SELECTOR = YES;
				GCC_WARN_UNINITIALIZED_AUTOS = YES_AGGRESSIVE;
				GCC_WARN_UNUSED_FUNCTION = YES;
				GCC_WARN_UNUSED_VARIABLE = YES;
				IPHONEOS_DEPLOYMENT_TARGET = 12.1;
				MTL_ENABLE_DEBUG_INFO = NO;
				MTL_FAST_MATH = YES;
				SDKROOT = iphoneos;
				SWIFT_COMPILATION_MODE = wholemodule;
				SWIFT_OPTIMIZATION_LEVEL = "-O";
				VALIDATE_PRODUCT = YES;
			};
			name = Release;
		};
		534E08AC221F0AE200992B0C /* Debug */ = {
			isa = XCBuildConfiguration;
			buildSettings = {
				ASSETCATALOG_COMPILER_APPICON_NAME = AppIcon;
				CODE_SIGN_STYLE = Automatic;
				DEVELOPMENT_TEAM = B7WTU6S9GU;
				INFOPLIST_FILE = Demo/Info.plist;
				LD_RUNPATH_SEARCH_PATHS = (
					"$(inherited)",
					"@executable_path/Frameworks",
				);
				PRODUCT_BUNDLE_IDENTIFIER = com.hubworks.demo.Demo;
				PRODUCT_NAME = "$(TARGET_NAME)";
				SWIFT_VERSION = 4.2;
				TARGETED_DEVICE_FAMILY = "1,2";
			};
			name = Debug;
		};
		534E08AD221F0AE200992B0C /* Release */ = {
			isa = XCBuildConfiguration;
			buildSettings = {
				ASSETCATALOG_COMPILER_APPICON_NAME = AppIcon;
				CODE_SIGN_STYLE = Automatic;
				DEVELOPMENT_TEAM = B7WTU6S9GU;
				INFOPLIST_FILE = Demo/Info.plist;
				LD_RUNPATH_SEARCH_PATHS = (
					"$(inherited)",
					"@executable_path/Frameworks",
				);
				PRODUCT_BUNDLE_IDENTIFIER = com.hubworks.demo.Demo;
				PRODUCT_NAME = "$(TARGET_NAME)";
				SWIFT_VERSION = 4.2;
				TARGETED_DEVICE_FAMILY = "1,2";
			};
			name = Release;
		};
		534E08AF221F0AE200992B0C /* Debug */ = {
			isa = XCBuildConfiguration;
			buildSettings = {
				ALWAYS_EMBED_SWIFT_STANDARD_LIBRARIES = YES;
				BUNDLE_LOADER = "$(TEST_HOST)";
				CODE_SIGN_STYLE = Automatic;
				DEVELOPMENT_TEAM = B7WTU6S9GU;
				INFOPLIST_FILE = DemoTests/Info.plist;
				LD_RUNPATH_SEARCH_PATHS = (
					"$(inherited)",
					"@executable_path/Frameworks",
					"@loader_path/Frameworks",
				);
				PRODUCT_BUNDLE_IDENTIFIER = com.hubworks.demo.DemoTests;
				PRODUCT_NAME = "$(TARGET_NAME)";
				SWIFT_VERSION = 4.2;
				TARGETED_DEVICE_FAMILY = "1,2";
				TEST_HOST = "$(BUILT_PRODUCTS_DIR)/Demo.app/Demo";
			};
			name = Debug;
		};
		534E08B0221F0AE200992B0C /* Release */ = {
			isa = XCBuildConfiguration;
			buildSettings = {
				ALWAYS_EMBED_SWIFT_STANDARD_LIBRARIES = YES;
				BUNDLE_LOADER = "$(TEST_HOST)";
				CODE_SIGN_STYLE = Automatic;
				DEVELOPMENT_TEAM = B7WTU6S9GU;
				INFOPLIST_FILE = DemoTests/Info.plist;
				LD_RUNPATH_SEARCH_PATHS = (
					"$(inherited)",
					"@executable_path/Frameworks",
					"@loader_path/Frameworks",
				);
				PRODUCT_BUNDLE_IDENTIFIER = com.hubworks.demo.DemoTests;
				PRODUCT_NAME = "$(TARGET_NAME)";
				SWIFT_VERSION = 4.2;
				TARGETED_DEVICE_FAMILY = "1,2";
				TEST_HOST = "$(BUILT_PRODUCTS_DIR)/Demo.app/Demo";
			};
			name = Release;
		};
		534E08B2221F0AE200992B0C /* Debug */ = {
			isa = XCBuildConfiguration;
			buildSettings = {
				ALWAYS_EMBED_SWIFT_STANDARD_LIBRARIES = YES;
				CODE_SIGN_STYLE = Automatic;
				DEVELOPMENT_TEAM = B7WTU6S9GU;
				INFOPLIST_FILE = DemoUITests/Info.plist;
				LD_RUNPATH_SEARCH_PATHS = (
					"$(inherited)",
					"@executable_path/Frameworks",
					"@loader_path/Frameworks",
				);
				PRODUCT_BUNDLE_IDENTIFIER = com.hubworks.demo.DemoUITests;
				PRODUCT_NAME = "$(TARGET_NAME)";
				SWIFT_VERSION = 4.2;
				TARGETED_DEVICE_FAMILY = "1,2";
				TEST_TARGET_NAME = Demo;
			};
			name = Debug;
		};
		534E08B3221F0AE200992B0C /* Release */ = {
			isa = XCBuildConfiguration;
			buildSettings = {
				ALWAYS_EMBED_SWIFT_STANDARD_LIBRARIES = YES;
				CODE_SIGN_STYLE = Automatic;
				DEVELOPMENT_TEAM = B7WTU6S9GU;
				INFOPLIST_FILE = DemoUITests/Info.plist;
				LD_RUNPATH_SEARCH_PATHS = (
					"$(inherited)",
					"@executable_path/Frameworks",
					"@loader_path/Frameworks",
				);
				PRODUCT_BUNDLE_IDENTIFIER = com.hubworks.demo.DemoUITests;
				PRODUCT_NAME = "$(TARGET_NAME)";
				SWIFT_VERSION = 4.2;
				TARGETED_DEVICE_FAMILY = "1,2";
				TEST_TARGET_NAME = Demo;
			};
			name = Release;
		};
/* End XCBuildConfiguration section */

/* Begin XCConfigurationList section */
		534E087E221F0AE000992B0C /* Build configuration list for PBXProject "Demo" */ = {
			isa = XCConfigurationList;
			buildConfigurations = (
				534E08A9221F0AE200992B0C /* Debug */,
				534E08AA221F0AE200992B0C /* Release */,
			);
			defaultConfigurationIsVisible = 0;
			defaultConfigurationName = Release;
		};
		534E08AB221F0AE200992B0C /* Build configuration list for PBXNativeTarget "Demo" */ = {
			isa = XCConfigurationList;
			buildConfigurations = (
				534E08AC221F0AE200992B0C /* Debug */,
				534E08AD221F0AE200992B0C /* Release */,
			);
			defaultConfigurationIsVisible = 0;
			defaultConfigurationName = Release;
		};
		534E08AE221F0AE200992B0C /* Build configuration list for PBXNativeTarget "DemoTests" */ = {
			isa = XCConfigurationList;
			buildConfigurations = (
				534E08AF221F0AE200992B0C /* Debug */,
				534E08B0221F0AE200992B0C /* Release */,
			);
			defaultConfigurationIsVisible = 0;
			defaultConfigurationName = Release;
		};
		534E08B1221F0AE200992B0C /* Build configuration list for PBXNativeTarget "DemoUITests" */ = {
			isa = XCConfigurationList;
			buildConfigurations = (
				534E08B2221F0AE200992B0C /* Debug */,
				534E08B3221F0AE200992B0C /* Release */,
			);
			defaultConfigurationIsVisible = 0;
			defaultConfigurationName = Release;
		};
/* End XCConfigurationList section */
	};
	rootObject = 534E087B221F0AE000992B0C /* Project object */;
}
